
Microsoft Visual Studio Solution File, Format Version 12.00
# Visual Studio Version 16
VisualStudioVersion = 16.0.31424.327
MinimumVisualStudioVersion = 10.0.40219.1
Project("{FAE04EC0-301F-11D3-BF4B-00C04F79EFBC}") = "demo", "demo.csproj", "{C692BB25-C89D-4533-89EF-00F4D1F73C27}"
EndProject
Global
	GlobalSection(SolutionConfigurationPlatforms) = preSolution
		Debug|Any CPU = Debug|Any CPU
		Release|Any CPU = Release|Any CPU
	EndGlobalSection
	GlobalSection(ProjectConfigurationPlatforms) = postSolution
		{C692BB25-C89D-4533-89EF-00F4D1F73C27}.Debug|Any CPU.ActiveCfg = Debug|Any CPU
		{C692BB25-C89D-4533-89EF-00F4D1F73C27}.Debug|Any CPU.Build.0 = Debug|Any CPU
		{C692BB25-C89D-4533-89EF-00F4D1F73C27}.Release|Any CPU.ActiveCfg = Release|Any CPU
		{C692BB25-C89D-4533-89EF-00F4D1F73C27}.Release|Any CPU.Build.0 = Release|Any CPU
	EndGlobalSection
	GlobalSection(SolutionProperties) = preSolution
		HideSolutionNode = FALSE
	EndGlobalSection
	GlobalSection(ExtensibilityGlobals) = postSolution
		SolutionGuid = {A7096DF8-90F4-4979-999F-B6753CC01539}
	EndGlobalSection
EndGlobal
